
Microsoft Visual Studio Solution File, Format Version 12.00
# Visual Studio Version 17
VisualStudioVersion = 17.8.34525.116
MinimumVisualStudioVersion = 10.0.40219.1
Project("{9A19103F-16F7-4668-BE54-9A1E7A4F7556}") = "AliceProject", "AliceProject\AliceProject\AliceProject.csproj", "{301763A2-5DD3-464E-881E-C44CEF5C346E}"
EndProject
Global
	GlobalSection(SolutionConfigurationPlatforms) = preSolution
		Debug|Any CPU = Debug|Any CPU
		Release|Any CPU = Release|Any CPU
	EndGlobalSection
	GlobalSection(ProjectConfigurationPlatforms) = postSolution
		{301763A2-5DD3-464E-881E-C44CEF5C346E}.Debug|Any CPU.ActiveCfg = Debug|Any CPU
		{301763A2-5DD3-464E-881E-C44CEF5C346E}.Debug|Any CPU.Build.0 = Debug|Any CPU
		{301763A2-5DD3-464E-881E-C44CEF5C346E}.Release|Any CPU.ActiveCfg = Release|Any CPU
		{301763A2-5DD3-464E-881E-C44CEF5C346E}.Release|Any CPU.Build.0 = Release|Any CPU
	EndGlobalSection
	GlobalSection(SolutionProperties) = preSolution
		HideSolutionNode = FALSE
	EndGlobalSection
	GlobalSection(ExtensibilityGlobals) = postSolution
		SolutionGuid = {4B089B6E-F34D-454A-A7ED-0AC6C9AE46B2}
	EndGlobalSection
EndGlobal
